
Microsoft Visual Studio Solution File, Format Version 12.00
# Visual Studio 14
VisualStudioVersion = 14.0.23107.0
MinimumVisualStudioVersion = 10.0.40219.1
Project("{FAE04EC0-301F-11D3-BF4B-00C04F79EFBC}") = "MyShadowsocks-csharp", "MyShadowsocks-csharp\MyShadowsocks-csharp.csproj", "{90D80416-0918-469F-8C6F-3BA9B1EB620D}"
EndProject
Project("{FAE04EC0-301F-11D3-BF4B-00C04F79EFBC}") = "Sample", "Sample\Sample.csproj", "{0F9DCC05-BA23-4F24-AFD7-02DB7059702A}"
EndProject
Project("{2150E333-8FDC-42A3-9474-1A3956D46DE8}") = "Solution Items", "Solution Items", "{96E7D948-9384-465C-8ECB-6E08A5E41D31}"
	ProjectSection(SolutionItems) = preProject
		global.json = global.json
	EndProjectSection
EndProject
Project("{FAE04EC0-301F-11D3-BF4B-00C04F79EFBC}") = "Test", "Test\Test.csproj", "{E5664003-6E93-45EA-A1FA-866B0C4B9835}"
EndProject
Project("{FAE04EC0-301F-11D3-BF4B-00C04F79EFBC}") = "MyShadowsocks-UI", "MyShadowsocks-UI\MyShadowsocks-UI.csproj", "{1FE832A0-07FD-4600-AF0C-1BA94D287C6A}"
	ProjectSection(ProjectDependencies) = postProject
		{90D80416-0918-469F-8C6F-3BA9B1EB620D} = {90D80416-0918-469F-8C6F-3BA9B1EB620D}
	EndProjectSection
EndProject
Project("{FAE04EC0-301F-11D3-BF4B-00C04F79EFBC}") = "JunLibrary", "JunLibrary\JunLibrary.csproj", "{21E082A1-116A-4D92-B515-1EF09D7CEDE6}"
EndProject
Project("{FAE04EC0-301F-11D3-BF4B-00C04F79EFBC}") = "ResourceSample", "ResourceSample\ResourceSample.csproj", "{99E40BE8-BD31-4D8F-A8B3-23CEA05A699F}"
EndProject
Global
	GlobalSection(SolutionConfigurationPlatforms) = preSolution
		Debug|Any CPU = Debug|Any CPU
		Release|Any CPU = Release|Any CPU
	EndGlobalSection
	GlobalSection(ProjectConfigurationPlatforms) = postSolution
		{90D80416-0918-469F-8C6F-3BA9B1EB620D}.Debug|Any CPU.ActiveCfg = Debug|Any CPU
		{90D80416-0918-469F-8C6F-3BA9B1EB620D}.Debug|Any CPU.Build.0 = Debug|Any CPU
		{90D80416-0918-469F-8C6F-3BA9B1EB620D}.Release|Any CPU.ActiveCfg = Release|Any CPU
		{90D80416-0918-469F-8C6F-3BA9B1EB620D}.Release|Any CPU.Build.0 = Release|Any CPU
		{0F9DCC05-BA23-4F24-AFD7-02DB7059702A}.Debug|Any CPU.ActiveCfg = Debug|Any CPU
		{0F9DCC05-BA23-4F24-AFD7-02DB7059702A}.Debug|Any CPU.Build.0 = Debug|Any CPU
		{0F9DCC05-BA23-4F24-AFD7-02DB7059702A}.Release|Any CPU.ActiveCfg = Release|Any CPU
		{0F9DCC05-BA23-4F24-AFD7-02DB7059702A}.Release|Any CPU.Build.0 = Release|Any CPU
		{E5664003-6E93-45EA-A1FA-866B0C4B9835}.Debug|Any CPU.ActiveCfg = Debug|Any CPU
		{E5664003-6E93-45EA-A1FA-866B0C4B9835}.Debug|Any CPU.Build.0 = Debug|Any CPU
		{E5664003-6E93-45EA-A1FA-866B0C4B9835}.Release|Any CPU.ActiveCfg = Release|Any CPU
		{E5664003-6E93-45EA-A1FA-866B0C4B9835}.Release|Any CPU.Build.0 = Release|Any CPU
		{1FE832A0-07FD-4600-AF0C-1BA94D287C6A}.Debug|Any CPU.ActiveCfg = Debug|Any CPU
		{1FE832A0-07FD-4600-AF0C-1BA94D287C6A}.Debug|Any CPU.Build.0 = Debug|Any CPU
		{1FE832A0-07FD-4600-AF0C-1BA94D287C6A}.Release|Any CPU.ActiveCfg = Release|Any CPU
		{1FE832A0-07FD-4600-AF0C-1BA94D287C6A}.Release|Any CPU.Build.0 = Release|Any CPU
		{21E082A1-116A-4D92-B515-1EF09D7CEDE6}.Debug|Any CPU.ActiveCfg = Debug|Any CPU
		{21E082A1-116A-4D92-B515-1EF09D7CEDE6}.Debug|Any CPU.Build.0 = Debug|Any CPU
		{21E082A1-116A-4D92-B515-1EF09D7CEDE6}.Release|Any CPU.ActiveCfg = Release|Any CPU
		{21E082A1-116A-4D92-B515-1EF09D7CEDE6}.Release|Any CPU.Build.0 = Release|Any CPU
		{99E40BE8-BD31-4D8F-A8B3-23CEA05A699F}.Debug|Any CPU.ActiveCfg = Debug|Any CPU
		{99E40BE8-BD31-4D8F-A8B3-23CEA05A699F}.Debug|Any CPU.Build.0 = Debug|Any CPU
		{99E40BE8-BD31-4D8F-A8B3-23CEA05A699F}.Release|Any CPU.ActiveCfg = Release|Any CPU
		{99E40BE8-BD31-4D8F-A8B3-23CEA05A699F}.Release|Any CPU.Build.0 = Release|Any CPU
	EndGlobalSection
	GlobalSection(SolutionProperties) = preSolution
		HideSolutionNode = FALSE
	EndGlobalSection
EndGlobal
